
Microsoft Visual Studio Solution File, Format Version 12.00
# Visual Studio Version 17
VisualStudioVersion = 17.14.36811.4 d17.14
MinimumVisualStudioVersion = 10.0.40219.1
Project("{FAE04EC0-301F-11D3-BF4B-00C04F79EFBC}") = "LE 1 pracitce 1", "LE 1 pracitce 1\LE 1 pracitce 1.csproj", "{3071ABF2-CD9D-4486-846B-616790CD34F2}"
EndProject
Global
	GlobalSection(SolutionConfigurationPlatforms) = preSolution
		Debug|Any CPU = Debug|Any CPU
		Release|Any CPU = Release|Any CPU
	EndGlobalSection
	GlobalSection(ProjectConfigurationPlatforms) = postSolution
		{3071ABF2-CD9D-4486-846B-616790CD34F2}.Debug|Any CPU.ActiveCfg = Debug|Any CPU
		{3071ABF2-CD9D-4486-846B-616790CD34F2}.Debug|Any CPU.Build.0 = Debug|Any CPU
		{3071ABF2-CD9D-4486-846B-616790CD34F2}.Release|Any CPU.ActiveCfg = Release|Any CPU
		{3071ABF2-CD9D-4486-846B-616790CD34F2}.Release|Any CPU.Build.0 = Release|Any CPU
	EndGlobalSection
	GlobalSection(SolutionProperties) = preSolution
		HideSolutionNode = FALSE
	EndGlobalSection
	GlobalSection(ExtensibilityGlobals) = postSolution
		SolutionGuid = {54C598E3-C16A-484D-84AF-D11F092BFEF0}
	EndGlobalSection
EndGlobal
