
Microsoft Visual Studio Solution File, Format Version 12.00
# Visual Studio Version 17
VisualStudioVersion = 17.14.36327.8 d17.14
MinimumVisualStudioVersion = 10.0.40219.1
Project("{FAE04EC0-301F-11D3-BF4B-00C04F79EFBC}") = "Lecture8Demo2", "Lecture8Demo2\Lecture8Demo2.csproj", "{61DDE33B-2F0F-438C-8093-FA2B8AEEF1BC}"
EndProject
Global
	GlobalSection(SolutionConfigurationPlatforms) = preSolution
		Debug|Any CPU = Debug|Any CPU
		Release|Any CPU = Release|Any CPU
	EndGlobalSection
	GlobalSection(ProjectConfigurationPlatforms) = postSolution
		{61DDE33B-2F0F-438C-8093-FA2B8AEEF1BC}.Debug|Any CPU.ActiveCfg = Debug|Any CPU
		{61DDE33B-2F0F-438C-8093-FA2B8AEEF1BC}.Debug|Any CPU.Build.0 = Debug|Any CPU
		{61DDE33B-2F0F-438C-8093-FA2B8AEEF1BC}.Release|Any CPU.ActiveCfg = Release|Any CPU
		{61DDE33B-2F0F-438C-8093-FA2B8AEEF1BC}.Release|Any CPU.Build.0 = Release|Any CPU
	EndGlobalSection
	GlobalSection(SolutionProperties) = preSolution
		HideSolutionNode = FALSE
	EndGlobalSection
	GlobalSection(ExtensibilityGlobals) = postSolution
		SolutionGuid = {D222B1B0-8F96-4EF3-B5BE-DA0D3274798E}
	EndGlobalSection
EndGlobal
