
Microsoft Visual Studio Solution File, Format Version 12.00
# Visual Studio Version 17
VisualStudioVersion = 17.14.36327.8 d17.14
MinimumVisualStudioVersion = 10.0.40219.1
Project("{FAE04EC0-301F-11D3-BF4B-00C04F79EFBC}") = "Lecture4Demo1", "Lecture4Demo1\Lecture4Demo1.csproj", "{5592976D-1625-4B94-AF4B-ABA82942C6AB}"
EndProject
Global
	GlobalSection(SolutionConfigurationPlatforms) = preSolution
		Debug|Any CPU = Debug|Any CPU
		Release|Any CPU = Release|Any CPU
	EndGlobalSection
	GlobalSection(ProjectConfigurationPlatforms) = postSolution
		{5592976D-1625-4B94-AF4B-ABA82942C6AB}.Debug|Any CPU.ActiveCfg = Debug|Any CPU
		{5592976D-1625-4B94-AF4B-ABA82942C6AB}.Debug|Any CPU.Build.0 = Debug|Any CPU
		{5592976D-1625-4B94-AF4B-ABA82942C6AB}.Release|Any CPU.ActiveCfg = Release|Any CPU
		{5592976D-1625-4B94-AF4B-ABA82942C6AB}.Release|Any CPU.Build.0 = Release|Any CPU
	EndGlobalSection
	GlobalSection(SolutionProperties) = preSolution
		HideSolutionNode = FALSE
	EndGlobalSection
	GlobalSection(ExtensibilityGlobals) = postSolution
		SolutionGuid = {34EDD77D-B3FD-4A20-9074-15A85E3F259B}
	EndGlobalSection
EndGlobal
