
Microsoft Visual Studio Solution File, Format Version 12.00
# Visual Studio Version 17
VisualStudioVersion = 17.14.36327.8 d17.14
MinimumVisualStudioVersion = 10.0.40219.1
Project("{FAE04EC0-301F-11D3-BF4B-00C04F79EFBC}") = "Lecture1Demo3", "Lecture1Demo3\Lecture1Demo3.csproj", "{7DFC008E-8B1C-4E6B-9D95-9B3692DB8E25}"
EndProject
Global
	GlobalSection(SolutionConfigurationPlatforms) = preSolution
		Debug|Any CPU = Debug|Any CPU
		Release|Any CPU = Release|Any CPU
	EndGlobalSection
	GlobalSection(ProjectConfigurationPlatforms) = postSolution
		{7DFC008E-8B1C-4E6B-9D95-9B3692DB8E25}.Debug|Any CPU.ActiveCfg = Debug|Any CPU
		{7DFC008E-8B1C-4E6B-9D95-9B3692DB8E25}.Debug|Any CPU.Build.0 = Debug|Any CPU
		{7DFC008E-8B1C-4E6B-9D95-9B3692DB8E25}.Release|Any CPU.ActiveCfg = Release|Any CPU
		{7DFC008E-8B1C-4E6B-9D95-9B3692DB8E25}.Release|Any CPU.Build.0 = Release|Any CPU
	EndGlobalSection
	GlobalSection(SolutionProperties) = preSolution
		HideSolutionNode = FALSE
	EndGlobalSection
	GlobalSection(ExtensibilityGlobals) = postSolution
		SolutionGuid = {0B87C647-7C49-46F6-8202-14FDE64563CC}
	EndGlobalSection
EndGlobal
