
Microsoft Visual Studio Solution File, Format Version 12.00
# Visual Studio Version 17
VisualStudioVersion = 17.14.36327.8 d17.14
MinimumVisualStudioVersion = 10.0.40219.1
Project("{FAE04EC0-301F-11D3-BF4B-00C04F79EFBC}") = "Lecture1Demo4", "Lecture1Demo4\Lecture1Demo4.csproj", "{CE92732F-F603-4F96-B646-272BC89E94C1}"
EndProject
Global
	GlobalSection(SolutionConfigurationPlatforms) = preSolution
		Debug|Any CPU = Debug|Any CPU
		Release|Any CPU = Release|Any CPU
	EndGlobalSection
	GlobalSection(ProjectConfigurationPlatforms) = postSolution
		{CE92732F-F603-4F96-B646-272BC89E94C1}.Debug|Any CPU.ActiveCfg = Debug|Any CPU
		{CE92732F-F603-4F96-B646-272BC89E94C1}.Debug|Any CPU.Build.0 = Debug|Any CPU
		{CE92732F-F603-4F96-B646-272BC89E94C1}.Release|Any CPU.ActiveCfg = Release|Any CPU
		{CE92732F-F603-4F96-B646-272BC89E94C1}.Release|Any CPU.Build.0 = Release|Any CPU
	EndGlobalSection
	GlobalSection(SolutionProperties) = preSolution
		HideSolutionNode = FALSE
	EndGlobalSection
	GlobalSection(ExtensibilityGlobals) = postSolution
		SolutionGuid = {5BCDDF1F-E10B-449F-B876-E1692FCCB60F}
	EndGlobalSection
EndGlobal
