
Microsoft Visual Studio Solution File, Format Version 12.00
# Visual Studio Version 17
VisualStudioVersion = 17.2.32630.192
MinimumVisualStudioVersion = 10.0.40219.1
Project("{FAE04EC0-301F-11D3-BF4B-00C04F79EFBC}") = "Le1Q2", "Le1Q2\Le1Q2.csproj", "{BEF7FBAB-248F-46BA-81C1-B1F7DEF8FDA8}"
EndProject
Global
	GlobalSection(SolutionConfigurationPlatforms) = preSolution
		Debug|Any CPU = Debug|Any CPU
		Release|Any CPU = Release|Any CPU
	EndGlobalSection
	GlobalSection(ProjectConfigurationPlatforms) = postSolution
		{BEF7FBAB-248F-46BA-81C1-B1F7DEF8FDA8}.Debug|Any CPU.ActiveCfg = Debug|Any CPU
		{BEF7FBAB-248F-46BA-81C1-B1F7DEF8FDA8}.Debug|Any CPU.Build.0 = Debug|Any CPU
		{BEF7FBAB-248F-46BA-81C1-B1F7DEF8FDA8}.Release|Any CPU.ActiveCfg = Release|Any CPU
		{BEF7FBAB-248F-46BA-81C1-B1F7DEF8FDA8}.Release|Any CPU.Build.0 = Release|Any CPU
	EndGlobalSection
	GlobalSection(SolutionProperties) = preSolution
		HideSolutionNode = FALSE
	EndGlobalSection
	GlobalSection(ExtensibilityGlobals) = postSolution
		SolutionGuid = {E54BBE08-31D7-421F-B816-EB340024F2EA}
	EndGlobalSection
EndGlobal
