
Microsoft Visual Studio Solution File, Format Version 12.00
# Visual Studio Version 17
VisualStudioVersion = 17.14.36401.2 d17.14
MinimumVisualStudioVersion = 10.0.40219.1
Project("{FAE04EC0-301F-11D3-BF4B-00C04F79EFBC}") = "Lecture2Exercise2", "Lecture2Exercise2\Lecture2Exercise2.csproj", "{029B4E04-50E3-4D6F-A118-02F4A5F2A029}"
EndProject
Global
	GlobalSection(SolutionConfigurationPlatforms) = preSolution
		Debug|Any CPU = Debug|Any CPU
		Release|Any CPU = Release|Any CPU
	EndGlobalSection
	GlobalSection(ProjectConfigurationPlatforms) = postSolution
		{029B4E04-50E3-4D6F-A118-02F4A5F2A029}.Debug|Any CPU.ActiveCfg = Debug|Any CPU
		{029B4E04-50E3-4D6F-A118-02F4A5F2A029}.Debug|Any CPU.Build.0 = Debug|Any CPU
		{029B4E04-50E3-4D6F-A118-02F4A5F2A029}.Release|Any CPU.ActiveCfg = Release|Any CPU
		{029B4E04-50E3-4D6F-A118-02F4A5F2A029}.Release|Any CPU.Build.0 = Release|Any CPU
	EndGlobalSection
	GlobalSection(SolutionProperties) = preSolution
		HideSolutionNode = FALSE
	EndGlobalSection
	GlobalSection(ExtensibilityGlobals) = postSolution
		SolutionGuid = {4E32EF3E-64FB-4397-943E-BA42C42EF5A1}
	EndGlobalSection
EndGlobal
