
Microsoft Visual Studio Solution File, Format Version 12.00
# Visual Studio Version 17
VisualStudioVersion = 17.14.36327.8 d17.14
MinimumVisualStudioVersion = 10.0.40219.1
Project("{FAE04EC0-301F-11D3-BF4B-00C04F79EFBC}") = "Lecture5Demo1", "Lecture5Demo1\Lecture5Demo1.csproj", "{0AF5EC09-14F2-4497-A9B7-E48A15A07676}"
EndProject
Global
	GlobalSection(SolutionConfigurationPlatforms) = preSolution
		Debug|Any CPU = Debug|Any CPU
		Release|Any CPU = Release|Any CPU
	EndGlobalSection
	GlobalSection(ProjectConfigurationPlatforms) = postSolution
		{0AF5EC09-14F2-4497-A9B7-E48A15A07676}.Debug|Any CPU.ActiveCfg = Debug|Any CPU
		{0AF5EC09-14F2-4497-A9B7-E48A15A07676}.Debug|Any CPU.Build.0 = Debug|Any CPU
		{0AF5EC09-14F2-4497-A9B7-E48A15A07676}.Release|Any CPU.ActiveCfg = Release|Any CPU
		{0AF5EC09-14F2-4497-A9B7-E48A15A07676}.Release|Any CPU.Build.0 = Release|Any CPU
	EndGlobalSection
	GlobalSection(SolutionProperties) = preSolution
		HideSolutionNode = FALSE
	EndGlobalSection
	GlobalSection(ExtensibilityGlobals) = postSolution
		SolutionGuid = {02414BF2-4408-4960-9082-0EC885D27B80}
	EndGlobalSection
EndGlobal
