
Microsoft Visual Studio Solution File, Format Version 12.00
# Visual Studio Version 17
VisualStudioVersion = 17.14.36327.8 d17.14
MinimumVisualStudioVersion = 10.0.40219.1
Project("{FAE04EC0-301F-11D3-BF4B-00C04F79EFBC}") = "Lecture1Demo6", "Lecture1Demo6\Lecture1Demo6.csproj", "{118F5774-C16A-43CA-89F7-39FBED1AB900}"
EndProject
Global
	GlobalSection(SolutionConfigurationPlatforms) = preSolution
		Debug|Any CPU = Debug|Any CPU
		Release|Any CPU = Release|Any CPU
	EndGlobalSection
	GlobalSection(ProjectConfigurationPlatforms) = postSolution
		{118F5774-C16A-43CA-89F7-39FBED1AB900}.Debug|Any CPU.ActiveCfg = Debug|Any CPU
		{118F5774-C16A-43CA-89F7-39FBED1AB900}.Debug|Any CPU.Build.0 = Debug|Any CPU
		{118F5774-C16A-43CA-89F7-39FBED1AB900}.Release|Any CPU.ActiveCfg = Release|Any CPU
		{118F5774-C16A-43CA-89F7-39FBED1AB900}.Release|Any CPU.Build.0 = Release|Any CPU
	EndGlobalSection
	GlobalSection(SolutionProperties) = preSolution
		HideSolutionNode = FALSE
	EndGlobalSection
	GlobalSection(ExtensibilityGlobals) = postSolution
		SolutionGuid = {F1FF4BB0-DADB-43F6-B6FF-990ECDDAD532}
	EndGlobalSection
EndGlobal
