
Microsoft Visual Studio Solution File, Format Version 12.00
# Visual Studio Version 17
VisualStudioVersion = 17.14.36327.8 d17.14
MinimumVisualStudioVersion = 10.0.40219.1
Project("{FAE04EC0-301F-11D3-BF4B-00C04F79EFBC}") = "Lecture6Demo2", "Lecture6Demo2\Lecture6Demo2.csproj", "{ECAF5170-5A2D-4C9B-8B09-F0966871227B}"
EndProject
Global
	GlobalSection(SolutionConfigurationPlatforms) = preSolution
		Debug|Any CPU = Debug|Any CPU
		Release|Any CPU = Release|Any CPU
	EndGlobalSection
	GlobalSection(ProjectConfigurationPlatforms) = postSolution
		{ECAF5170-5A2D-4C9B-8B09-F0966871227B}.Debug|Any CPU.ActiveCfg = Debug|Any CPU
		{ECAF5170-5A2D-4C9B-8B09-F0966871227B}.Debug|Any CPU.Build.0 = Debug|Any CPU
		{ECAF5170-5A2D-4C9B-8B09-F0966871227B}.Release|Any CPU.ActiveCfg = Release|Any CPU
		{ECAF5170-5A2D-4C9B-8B09-F0966871227B}.Release|Any CPU.Build.0 = Release|Any CPU
	EndGlobalSection
	GlobalSection(SolutionProperties) = preSolution
		HideSolutionNode = FALSE
	EndGlobalSection
	GlobalSection(ExtensibilityGlobals) = postSolution
		SolutionGuid = {BCB6B762-11F7-4256-AD2C-7ABB550D7670}
	EndGlobalSection
EndGlobal
