
Microsoft Visual Studio Solution File, Format Version 12.00
# Visual Studio Version 17
VisualStudioVersion = 17.14.36327.8 d17.14
MinimumVisualStudioVersion = 10.0.40219.1
Project("{FAE04EC0-301F-11D3-BF4B-00C04F79EFBC}") = "Lecture6Demo3", "Lecture6Demo3\Lecture6Demo3.csproj", "{51585EAA-A2BC-42AA-B888-E0BE528D119C}"
EndProject
Global
	GlobalSection(SolutionConfigurationPlatforms) = preSolution
		Debug|Any CPU = Debug|Any CPU
		Release|Any CPU = Release|Any CPU
	EndGlobalSection
	GlobalSection(ProjectConfigurationPlatforms) = postSolution
		{51585EAA-A2BC-42AA-B888-E0BE528D119C}.Debug|Any CPU.ActiveCfg = Debug|Any CPU
		{51585EAA-A2BC-42AA-B888-E0BE528D119C}.Debug|Any CPU.Build.0 = Debug|Any CPU
		{51585EAA-A2BC-42AA-B888-E0BE528D119C}.Release|Any CPU.ActiveCfg = Release|Any CPU
		{51585EAA-A2BC-42AA-B888-E0BE528D119C}.Release|Any CPU.Build.0 = Release|Any CPU
	EndGlobalSection
	GlobalSection(SolutionProperties) = preSolution
		HideSolutionNode = FALSE
	EndGlobalSection
	GlobalSection(ExtensibilityGlobals) = postSolution
		SolutionGuid = {52C201D7-8A7C-4192-9BF2-59B6756F28C8}
	EndGlobalSection
EndGlobal
