
Microsoft Visual Studio Solution File, Format Version 12.00
# Visual Studio Version 17
VisualStudioVersion = 17.14.36327.8 d17.14
MinimumVisualStudioVersion = 10.0.40219.1
Project("{FAE04EC0-301F-11D3-BF4B-00C04F79EFBC}") = "Lecture7Demo1", "Lecture7Demo1\Lecture7Demo1.csproj", "{8C37FAB0-BDF8-45D5-875C-F673D80DDE5D}"
EndProject
Global
	GlobalSection(SolutionConfigurationPlatforms) = preSolution
		Debug|Any CPU = Debug|Any CPU
		Release|Any CPU = Release|Any CPU
	EndGlobalSection
	GlobalSection(ProjectConfigurationPlatforms) = postSolution
		{8C37FAB0-BDF8-45D5-875C-F673D80DDE5D}.Debug|Any CPU.ActiveCfg = Debug|Any CPU
		{8C37FAB0-BDF8-45D5-875C-F673D80DDE5D}.Debug|Any CPU.Build.0 = Debug|Any CPU
		{8C37FAB0-BDF8-45D5-875C-F673D80DDE5D}.Release|Any CPU.ActiveCfg = Release|Any CPU
		{8C37FAB0-BDF8-45D5-875C-F673D80DDE5D}.Release|Any CPU.Build.0 = Release|Any CPU
	EndGlobalSection
	GlobalSection(SolutionProperties) = preSolution
		HideSolutionNode = FALSE
	EndGlobalSection
	GlobalSection(ExtensibilityGlobals) = postSolution
		SolutionGuid = {4D39FE5C-73D9-4673-9CF4-49269D116D68}
	EndGlobalSection
EndGlobal
