
Microsoft Visual Studio Solution File, Format Version 12.00
# Visual Studio Version 17
VisualStudioVersion = 17.14.36327.8 d17.14
MinimumVisualStudioVersion = 10.0.40219.1
Project("{FAE04EC0-301F-11D3-BF4B-00C04F79EFBC}") = "Lecture4Demo2", "Lecture4Demo2\Lecture4Demo2.csproj", "{1ADF4D94-8278-4AD7-9491-0BBCE892D786}"
EndProject
Global
	GlobalSection(SolutionConfigurationPlatforms) = preSolution
		Debug|Any CPU = Debug|Any CPU
		Release|Any CPU = Release|Any CPU
	EndGlobalSection
	GlobalSection(ProjectConfigurationPlatforms) = postSolution
		{1ADF4D94-8278-4AD7-9491-0BBCE892D786}.Debug|Any CPU.ActiveCfg = Debug|Any CPU
		{1ADF4D94-8278-4AD7-9491-0BBCE892D786}.Debug|Any CPU.Build.0 = Debug|Any CPU
		{1ADF4D94-8278-4AD7-9491-0BBCE892D786}.Release|Any CPU.ActiveCfg = Release|Any CPU
		{1ADF4D94-8278-4AD7-9491-0BBCE892D786}.Release|Any CPU.Build.0 = Release|Any CPU
	EndGlobalSection
	GlobalSection(SolutionProperties) = preSolution
		HideSolutionNode = FALSE
	EndGlobalSection
	GlobalSection(ExtensibilityGlobals) = postSolution
		SolutionGuid = {96C72FAD-D163-402C-B40B-771DCCE0648C}
	EndGlobalSection
EndGlobal
