
Microsoft Visual Studio Solution File, Format Version 12.00
# Visual Studio Version 17
VisualStudioVersion = 17.14.36327.8 d17.14
MinimumVisualStudioVersion = 10.0.40219.1
Project("{FAE04EC0-301F-11D3-BF4B-00C04F79EFBC}") = "Lecture7Demo2", "Lecture7Demo2\Lecture7Demo2.csproj", "{2EF83164-A1A7-4AAF-A38F-70D9FC91CB12}"
EndProject
Global
	GlobalSection(SolutionConfigurationPlatforms) = preSolution
		Debug|Any CPU = Debug|Any CPU
		Release|Any CPU = Release|Any CPU
	EndGlobalSection
	GlobalSection(ProjectConfigurationPlatforms) = postSolution
		{2EF83164-A1A7-4AAF-A38F-70D9FC91CB12}.Debug|Any CPU.ActiveCfg = Debug|Any CPU
		{2EF83164-A1A7-4AAF-A38F-70D9FC91CB12}.Debug|Any CPU.Build.0 = Debug|Any CPU
		{2EF83164-A1A7-4AAF-A38F-70D9FC91CB12}.Release|Any CPU.ActiveCfg = Release|Any CPU
		{2EF83164-A1A7-4AAF-A38F-70D9FC91CB12}.Release|Any CPU.Build.0 = Release|Any CPU
	EndGlobalSection
	GlobalSection(SolutionProperties) = preSolution
		HideSolutionNode = FALSE
	EndGlobalSection
	GlobalSection(ExtensibilityGlobals) = postSolution
		SolutionGuid = {BD4ED829-0C34-4337-A5A9-F5C8AB66A188}
	EndGlobalSection
EndGlobal
