
Microsoft Visual Studio Solution File, Format Version 12.00
# Visual Studio Version 17
VisualStudioVersion = 17.14.36327.8 d17.14
MinimumVisualStudioVersion = 10.0.40219.1
Project("{FAE04EC0-301F-11D3-BF4B-00C04F79EFBC}") = "Lecture1Demo9", "Lecture1Demo9\Lecture1Demo9.csproj", "{B6D9AED0-ABEE-4725-BE85-EFFAA2DAD609}"
EndProject
Global
	GlobalSection(SolutionConfigurationPlatforms) = preSolution
		Debug|Any CPU = Debug|Any CPU
		Release|Any CPU = Release|Any CPU
	EndGlobalSection
	GlobalSection(ProjectConfigurationPlatforms) = postSolution
		{B6D9AED0-ABEE-4725-BE85-EFFAA2DAD609}.Debug|Any CPU.ActiveCfg = Debug|Any CPU
		{B6D9AED0-ABEE-4725-BE85-EFFAA2DAD609}.Debug|Any CPU.Build.0 = Debug|Any CPU
		{B6D9AED0-ABEE-4725-BE85-EFFAA2DAD609}.Release|Any CPU.ActiveCfg = Release|Any CPU
		{B6D9AED0-ABEE-4725-BE85-EFFAA2DAD609}.Release|Any CPU.Build.0 = Release|Any CPU
	EndGlobalSection
	GlobalSection(SolutionProperties) = preSolution
		HideSolutionNode = FALSE
	EndGlobalSection
	GlobalSection(ExtensibilityGlobals) = postSolution
		SolutionGuid = {5E35AAD6-CDE4-4B96-9DBE-941FEE4DDFE6}
	EndGlobalSection
EndGlobal
