
Microsoft Visual Studio Solution File, Format Version 12.00
# Visual Studio Version 17
VisualStudioVersion = 17.14.36811.4 d17.14
MinimumVisualStudioVersion = 10.0.40219.1
Project("{FAE04EC0-301F-11D3-BF4B-00C04F79EFBC}") = "Lecture2Demo1", "Lecture2Demo1\Lecture2Demo1.csproj", "{BDE3B345-616F-40C0-9772-5E9E415B346B}"
EndProject
Global
	GlobalSection(SolutionConfigurationPlatforms) = preSolution
		Debug|Any CPU = Debug|Any CPU
		Release|Any CPU = Release|Any CPU
	EndGlobalSection
	GlobalSection(ProjectConfigurationPlatforms) = postSolution
		{BDE3B345-616F-40C0-9772-5E9E415B346B}.Debug|Any CPU.ActiveCfg = Debug|Any CPU
		{BDE3B345-616F-40C0-9772-5E9E415B346B}.Debug|Any CPU.Build.0 = Debug|Any CPU
		{BDE3B345-616F-40C0-9772-5E9E415B346B}.Release|Any CPU.ActiveCfg = Release|Any CPU
		{BDE3B345-616F-40C0-9772-5E9E415B346B}.Release|Any CPU.Build.0 = Release|Any CPU
	EndGlobalSection
	GlobalSection(SolutionProperties) = preSolution
		HideSolutionNode = FALSE
	EndGlobalSection
	GlobalSection(ExtensibilityGlobals) = postSolution
		SolutionGuid = {8BA83B94-04B2-460E-9E1E-B0AED37B433E}
	EndGlobalSection
EndGlobal
