
Microsoft Visual Studio Solution File, Format Version 12.00
# Visual Studio Version 17
VisualStudioVersion = 17.14.36811.4 d17.14
MinimumVisualStudioVersion = 10.0.40219.1
Project("{FAE04EC0-301F-11D3-BF4B-00C04F79EFBC}") = "Lab01_OOP", "Lab01_OOP\Lab01_OOP.csproj", "{8CF008B9-CAAF-4E80-BD19-27150A6ED0BD}"
EndProject
Global
	GlobalSection(SolutionConfigurationPlatforms) = preSolution
		Debug|Any CPU = Debug|Any CPU
		Release|Any CPU = Release|Any CPU
	EndGlobalSection
	GlobalSection(ProjectConfigurationPlatforms) = postSolution
		{8CF008B9-CAAF-4E80-BD19-27150A6ED0BD}.Debug|Any CPU.ActiveCfg = Debug|Any CPU
		{8CF008B9-CAAF-4E80-BD19-27150A6ED0BD}.Debug|Any CPU.Build.0 = Debug|Any CPU
		{8CF008B9-CAAF-4E80-BD19-27150A6ED0BD}.Release|Any CPU.ActiveCfg = Release|Any CPU
		{8CF008B9-CAAF-4E80-BD19-27150A6ED0BD}.Release|Any CPU.Build.0 = Release|Any CPU
	EndGlobalSection
	GlobalSection(SolutionProperties) = preSolution
		HideSolutionNode = FALSE
	EndGlobalSection
	GlobalSection(ExtensibilityGlobals) = postSolution
		SolutionGuid = {4971C8AE-0DE4-4135-9E08-5B631A4A66ED}
	EndGlobalSection
EndGlobal
