
Microsoft Visual Studio Solution File, Format Version 12.00
# Visual Studio Version 17
VisualStudioVersion = 17.14.36327.8 d17.14
MinimumVisualStudioVersion = 10.0.40219.1
Project("{FAE04EC0-301F-11D3-BF4B-00C04F79EFBC}") = "Lecture1Demo5", "Lecture1Demo5\Lecture1Demo5.csproj", "{807CF367-ADF8-4D62-9446-881809C0FD80}"
EndProject
Global
	GlobalSection(SolutionConfigurationPlatforms) = preSolution
		Debug|Any CPU = Debug|Any CPU
		Release|Any CPU = Release|Any CPU
	EndGlobalSection
	GlobalSection(ProjectConfigurationPlatforms) = postSolution
		{807CF367-ADF8-4D62-9446-881809C0FD80}.Debug|Any CPU.ActiveCfg = Debug|Any CPU
		{807CF367-ADF8-4D62-9446-881809C0FD80}.Debug|Any CPU.Build.0 = Debug|Any CPU
		{807CF367-ADF8-4D62-9446-881809C0FD80}.Release|Any CPU.ActiveCfg = Release|Any CPU
		{807CF367-ADF8-4D62-9446-881809C0FD80}.Release|Any CPU.Build.0 = Release|Any CPU
	EndGlobalSection
	GlobalSection(SolutionProperties) = preSolution
		HideSolutionNode = FALSE
	EndGlobalSection
	GlobalSection(ExtensibilityGlobals) = postSolution
		SolutionGuid = {6E91C184-716F-410D-A5CA-64CBD1ECE436}
	EndGlobalSection
EndGlobal
